// !$*UTF8*$!
{
	archiveVersion = 1;
	classes = {
	};
	objectVersion = 50;
	objects = {

/* Begin PBXBuildFile section */
		3ACDABC30FD1E94DCE9D5382 /* Pods_Test_App.framework in Frameworks */ = {isa = PBXBuildFile; fileRef = DA4824961A0317F1C5784E30 /* Pods_Test_App.framework */; };
		61A1AFAB235B12BB009C003F /* AppDelegate.swift in Sources */ = {isa = PBXBuildFile; fileRef = 61A1AFAA235B12BB009C003F /* AppDelegate.swift */; };
		61A1AFAD235B12BB009C003F /* SceneDelegate.swift in Sources */ = {isa = PBXBuildFile; fileRef = 61A1AFAC235B12BB009C003F /* SceneDelegate.swift */; };
		61A1AFAF235B12BB009C003F /* ViewController.swift in Sources */ = {isa = PBXBuildFile; fileRef = 61A1AFAE235B12BB009C003F /* ViewController.swift */; };
		61A1AFB2235B12BB009C003F /* Main.storyboard in Resources */ = {isa = PBXBuildFile; fileRef = 61A1AFB0235B12BB009C003F /* Main.storyboard */; };
		61A1AFB4235B12C0009C003F /* Assets.xcassets in Resources */ = {isa = PBXBuildFile; fileRef = 61A1AFB3235B12C0009C003F /* Assets.xcassets */; };
		61A1AFB7235B12C0009C003F /* LaunchScreen.storyboard in Resources */ = {isa = PBXBuildFile; fileRef = 61A1AFB5235B12C0009C003F /* LaunchScreen.storyboard */; };
/* End PBXBuildFile section */

/* Begin PBXFileReference section */
		61A1AFA7235B12BB009C003F /* Test-App.app */ = {isa = PBXFileReference; explicitFileType = wrapper.application; includeInIndex = 0; path = "Test-App.app"; sourceTree = BUILT_PRODUCTS_DIR; };
		61A1AFAA235B12BB009C003F /* AppDelegate.swift */ = {isa = PBXFileReference; lastKnownFileType = sourcecode.swift; path = AppDelegate.swift; sourceTree = "<group>"; };
		61A1AFAC235B12BB009C003F /* SceneDelegate.swift */ = {isa = PBXFileReference; lastKnownFileType = sourcecode.swift; path = SceneDelegate.swift; sourceTree = "<group>"; };
		61A1AFAE235B12BB009C003F /* ViewController.swift */ = {isa = PBXFileReference; lastKnownFileType = sourcecode.swift; path = ViewController.swift; sourceTree = "<group>"; };
		61A1AFB1235B12BB009C003F /* Base */ = {isa = PBXFileReference; lastKnownFileType = file.storyboard; name = Base; path = Base.lproj/Main.storyboard; sourceTree = "<group>"; };
		61A1AFB3235B12C0009C003F /* Assets.xcassets */ = {isa = PBXFileReference; lastKnownFileType = folder.assetcatalog; path = Assets.xcassets; sourceTree = "<group>"; };
		61A1AFB6235B12C0009C003F /* Base */ = {isa = PBXFileReference; lastKnownFileType = file.storyboard; name = Base; path = Base.lproj/LaunchScreen.storyboard; sourceTree = "<group>"; };
		61A1AFB8235B12C0009C003F /* Info.plist */ = {isa = PBXFileReference; lastKnownFileType = text.plist.xml; path = Info.plist; sourceTree = "<group>"; };
		DA4824961A0317F1C5784E30 /* Pods_Test_App.framework */ = {isa = PBXFileReference; explicitFileType = wrapper.framework; includeInIndex = 0; path = Pods_Test_App.framework; sourceTree = BUILT_PRODUCTS_DIR; };
		F1F7BB092881F285CA962D2D /* Pods-Test-App.release.xcconfig */ = {isa = PBXFileReference; includeInIndex = 1; lastKnownFileType = text.xcconfig; name = "Pods-Test-App.release.xcconfig"; path = "Pods/Target Support Files/Pods-Test-App/Pods-Test-App.release.xcconfig"; sourceTree = "<group>"; };
		F2B5E37D05A2A6C7413B85F8 /* Pods-Test-App.debug.xcconfig */ = {isa = PBXFileReference; includeInIndex = 1; lastKnownFileType = text.xcconfig; name = "Pods-Test-App.debug.xcconfig"; path = "Pods/Target Support Files/Pods-Test-App/Pods-Test-App.debug.xcconfig"; sourceTree = "<group>"; };
/* End PBXFileReference section */

/* Begin PBXFrameworksBuildPhase section */
		61A1AFA4235B12BB009C003F /* Frameworks */ = {
			isa = PBXFrameworksBuildPhase;
			buildActionMask = 2147483647;
			files = (
				3ACDABC30FD1E94DCE9D5382 /* Pods_Test_App.framework in Frameworks */,
			);
			runOnlyForDeploymentPostprocessing = 0;
		};
/* End PBXFrameworksBuildPhase section */

/* Begin PBXGroup section */
		3AD3C53A1C7973FB409F759D /* Pods */ = {
			isa = PBXGroup;
			children = (
				F2B5E37D05A2A6C7413B85F8 /* Pods-Test-App.debug.xcconfig */,
				F1F7BB092881F285CA962D2D /* Pods-Test-App.release.xcconfig */,
			);
			name = Pods;
			sourceTree = "<group>";
		};
		616B3B70235B19070058187C /* Supporting Files */ = {
			isa = PBXGroup;
			children = (
				61A1AFAA235B12BB009C003F /* AppDelegate.swift */,
				61A1AFAC235B12BB009C003F /* SceneDelegate.swift */,
				61A1AFB3235B12C0009C003F /* Assets.xcassets */,
			);
			path = "Supporting Files";
			sourceTree = "<group>";
		};
		616B3B71235B190F0058187C /* Storyboards */ = {
			isa = PBXGroup;
			children = (
				61A1AFB0235B12BB009C003F /* Main.storyboard */,
				61A1AFB5235B12C0009C003F /* LaunchScreen.storyboard */,
			);
			path = Storyboards;
			sourceTree = "<group>";
		};
		61A1AF9E235B12BB009C003F = {
			isa = PBXGroup;
			children = (
				61A1AFA9235B12BB009C003F /* Test-App */,
				61A1AFA8235B12BB009C003F /* Products */,
				3AD3C53A1C7973FB409F759D /* Pods */,
				F869E0A2A83DB602615CA813 /* Frameworks */,
			);
			sourceTree = "<group>";
		};
		61A1AFA8235B12BB009C003F /* Products */ = {
			isa = PBXGroup;
			children = (
				61A1AFA7235B12BB009C003F /* Test-App.app */,
			);
			name = Products;
			sourceTree = "<group>";
		};
		61A1AFA9235B12BB009C003F /* Test-App */ = {
			isa = PBXGroup;
			children = (
				61A1AFAE235B12BB009C003F /* ViewController.swift */,
				616B3B71235B190F0058187C /* Storyboards */,
				616B3B70235B19070058187C /* Supporting Files */,
				61A1AFB8235B12C0009C003F /* Info.plist */,
			);
			path = "Test-App";
			sourceTree = "<group>";
		};
		F869E0A2A83DB602615CA813 /* Frameworks */ = {
			isa = PBXGroup;
			children = (
				DA4824961A0317F1C5784E30 /* Pods_Test_App.framework */,
			);
			name = Frameworks;
			sourceTree = "<group>";
		};
/* End PBXGroup section */

/* Begin PBXNativeTarget section */
		61A1AFA6235B12BB009C003F /* Test-App */ = {
			isa = PBXNativeTarget;
			buildConfigurationList = 61A1AFBB235B12C0009C003F /* Build configuration list for PBXNativeTarget "Test-App" */;
			buildPhases = (
				8DFAF6E68F600BFAD3E461E0 /* [CP] Check Pods Manifest.lock */,
				61A1AFA3235B12BB009C003F /* Sources */,
				61A1AFA4235B12BB009C003F /* Frameworks */,
				61A1AFA5235B12BB009C003F /* Resources */,
				6A2CD4453FC88D801446F40D /* [CP] Embed Pods Frameworks */,
			);
			buildRules = (
			);
			dependencies = (
			);
			name = "Test-App";
			productName = "Test-App";
			productReference = 61A1AFA7235B12BB009C003F /* Test-App.app */;
			productType = "com.apple.product-type.application";
		};
/* End PBXNativeTarget section */

/* Begin PBXProject section */
		61A1AF9F235B12BB009C003F /* Project object */ = {
			isa = PBXProject;
			attributes = {
				LastSwiftUpdateCheck = 1110;
				LastUpgradeCheck = 1110;
				ORGANIZATIONNAME = "Boris Rashkov";
				TargetAttributes = {
					61A1AFA6235B12BB009C003F = {
						CreatedOnToolsVersion = 11.1;
					};
				};
			};
			buildConfigurationList = 61A1AFA2235B12BB009C003F /* Build configuration list for PBXProject "Test-App" */;
			compatibilityVersion = "Xcode 9.3";
			developmentRegion = en;
			hasScannedForEncodings = 0;
			knownRegions = (
				en,
				Base,
			);
			mainGroup = 61A1AF9E235B12BB009C003F;
			productRefGroup = 61A1AFA8235B12BB009C003F /* Products */;
			projectDirPath = "";
			projectRoot = "";
			targets = (
				61A1AFA6235B12BB009C003F /* Test-App */,
			);
		};
/* End PBXProject section */

/* Begin PBXResourcesBuildPhase section */
		61A1AFA5235B12BB009C003F /* Resources */ = {
			isa = PBXResourcesBuildPhase;
			buildActionMask = 2147483647;
			files = (
				61A1AFB7235B12C0009C003F /* LaunchScreen.storyboard in Resources */,
				61A1AFB4235B12C0009C003F /* Assets.xcassets in Resources */,
				61A1AFB2235B12BB009C003F /* Main.storyboard in Resources */,
			);
			runOnlyForDeploymentPostprocessing = 0;
		};
/* End PBXResourcesBuildPhase section */

/* Begin PBXShellScriptBuildPhase section */
		6A2CD4453FC88D801446F40D /* [CP] Embed Pods Frameworks */ = {
			isa = PBXShellScriptBuildPhase;
			buildActionMask = 2147483647;
			files = (
			);
			inputPaths = (
				"${SRCROOT}/Pods/Target Support Files/Pods-Test-App/Pods-Test-App-frameworks.sh",
				"${BUILT_PRODUCTS_DIR}/SnapKit/SnapKit.framework",
			);
			name = "[CP] Embed Pods Frameworks";
			outputPaths = (
				"${TARGET_BUILD_DIR}/${FRAMEWORKS_FOLDER_PATH}/SnapKit.framework",
			);
			runOnlyForDeploymentPostprocessing = 0;
			shellPath = /bin/sh;
			shellScript = "\"${SRCROOT}/Pods/Target Support Files/Pods-Test-App/Pods-Test-App-frameworks.sh\"\n";
			showEnvVarsInLog = 0;
		};
		8DFAF6E68F600BFAD3E461E0 /* [CP] Check Pods Manifest.lock */ = {
			isa = PBXShellScriptBuildPhase;
			buildActionMask = 2147483647;
			files = (
			);
			inputPaths = (
				"${PODS_PODFILE_DIR_PATH}/Podfile.lock",
				"${PODS_ROOT}/Manifest.lock",
			);
			name = "[CP] Check Pods Manifest.lock";
			outputPaths = (
				"$(DERIVED_FILE_DIR)/Pods-Test-App-checkManifestLockResult.txt",
			);
			runOnlyForDeploymentPostprocessing = 0;
			shellPath = /bin/sh;
			shellScript = "diff \"${PODS_PODFILE_DIR_PATH}/Podfile.lock\" \"${PODS_ROOT}/Manifest.lock\" > /dev/null\nif [ $? != 0 ] ; then\n    # print error to STDERR\n    echo \"error: The sandbox is not in sync with the Podfile.lock. Run 'pod install' or update your CocoaPods installation.\" >&2\n    exit 1\nfi\n# This output is used by Xcode 'outputs' to avoid re-running this script phase.\necho \"SUCCESS\" > \"${SCRIPT_OUTPUT_FILE_0}\"\n";
			showEnvVarsInLog = 0;
		};
/* End PBXShellScriptBuildPhase section */

/* Begin PBXSourcesBuildPhase section */
		61A1AFA3235B12BB009C003F /* Sources */ = {
			isa = PBXSourcesBuildPhase;
			buildActionMask = 2147483647;
			files = (
				61A1AFAF235B12BB009C003F /* ViewController.swift in Sources */,
				61A1AFAB235B12BB009C003F /* AppDelegate.swift in Sources */,
				61A1AFAD235B12BB009C003F /* SceneDelegate.swift in Sources */,
			);
			runOnlyForDeploymentPostprocessing = 0;
		};
/* End PBXSourcesBuildPhase section */

/* Begin PBXVariantGroup section */
		61A1AFB0235B12BB009C003F /* Main.storyboard */ = {
			isa = PBXVariantGroup;
			children = (
				61A1AFB1235B12BB009C003F /* Base */,
			);
			name = Main.storyboard;
			sourceTree = "<group>";
		};
		61A1AFB5235B12C0009C003F /* LaunchScreen.storyboard */ = {
			isa = PBXVariantGroup;
			children = (
				61A1AFB6235B12C0009C003F /* Base */,
			);
			name = LaunchScreen.storyboard;
			sourceTree = "<group>";
		};
/* End PBXVariantGroup section */

/* Begin XCBuildConfiguration section */
		61A1AFB9235B12C0009C003F /* Debug */ = {
			isa = XCBuildConfiguration;
			buildSettings = {
				ALWAYS_SEARCH_USER_PATHS = NO;
				CLANG_ANALYZER_NONNULL = YES;
				CLANG_ANALYZER_NUMBER_OBJECT_CONVERSION = YES_AGGRESSIVE;
				CLANG_CXX_LANGUAGE_STANDARD = "gnu++14";
				CLANG_CXX_LIBRARY = "libc++";
				CLANG_ENABLE_MODULES = YES;
				CLANG_ENABLE_OBJC_ARC = YES;
				CLANG_ENABLE_OBJC_WEAK = YES;
				CLANG_WARN_BLOCK_CAPTURE_AUTORELEASING = YES;
				CLANG_WARN_BOOL_CONVERSION = YES;
				CLANG_WARN_COMMA = YES;
				CLANG_WARN_CONSTANT_CONVERSION = YES;
				CLANG_WARN_DEPRECATED_OBJC_IMPLEMENTATIONS = YES;
				CLANG_WARN_DIRECT_OBJC_ISA_USAGE = YES_ERROR;
				CLANG_WARN_DOCUMENTATION_COMMENTS = YES;
				CLANG_WARN_EMPTY_BODY = YES;
				CLANG_WARN_ENUM_CONVERSION = YES;
				CLANG_WARN_INFINITE_RECURSION = YES;
				CLANG_WARN_INT_CONVERSION = YES;
				CLANG_WARN_NON_LITERAL_NULL_CONVERSION = YES;
				CLANG_WARN_OBJC_IMPLICIT_RETAIN_SELF = YES;
				CLANG_WARN_OBJC_LITERAL_CONVERSION = YES;
				CLANG_WARN_OBJC_ROOT_CLASS = YES_ERROR;
				CLANG_WARN_RANGE_LOOP_ANALYSIS = YES;
				CLANG_WARN_STRICT_PROTOTYPES = YES;
				CLANG_WARN_SUSPICIOUS_MOVE = YES;
				CLANG_WARN_UNGUARDED_AVAILABILITY = YES_AGGRESSIVE;
				CLANG_WARN_UNREACHABLE_CODE = YES;
				CLANG_WARN__DUPLICATE_METHOD_MATCH = YES;
				COPY_PHASE_STRIP = NO;
				DEBUG_INFORMATION_FORMAT = dwarf;
				ENABLE_STRICT_OBJC_MSGSEND = YES;
				ENABLE_TESTABILITY = YES;
				GCC_C_LANGUAGE_STANDARD = gnu11;
				GCC_DYNAMIC_NO_PIC = NO;
				GCC_NO_COMMON_BLOCKS = YES;
				GCC_OPTIMIZATION_LEVEL = 0;
				GCC_PREPROCESSOR_DEFINITIONS = (
					"DEBUG=1",
					"$(inherited)",
				);
				GCC_WARN_64_TO_32_BIT_CONVERSION = YES;
				GCC_WARN_ABOUT_RETURN_TYPE = YES_ERROR;
				GCC_WARN_UNDECLARED_SELECTOR = YES;
				GCC_WARN_UNINITIALIZED_AUTOS = YES_AGGRESSIVE;
				GCC_WARN_UNUSED_FUNCTION = YES;
				GCC_WARN_UNUSED_VARIABLE = YES;
				IPHONEOS_DEPLOYMENT_TARGET = 13.1;
				MTL_ENABLE_DEBUG_INFO = INCLUDE_SOURCE;
				MTL_FAST_MATH = YES;
				ONLY_ACTIVE_ARCH = YES;
				SDKROOT = iphoneos;
				SWIFT_ACTIVE_COMPILATION_CONDITIONS = DEBUG;
				SWIFT_OPTIMIZATION_LEVEL = "-Onone";
			};
			name = Debug;
		};
		61A1AFBA235B12C0009C003F /* Release */ = {
			isa = XCBuildConfiguration;
			buildSettings = {
				ALWAYS_SEARCH_USER_PATHS = NO;
				CLANG_ANALYZER_NONNULL = YES;
				CLANG_ANALYZER_NUMBER_OBJECT_CONVERSION = YES_AGGRESSIVE;
				CLANG_CXX_LANGUAGE_STANDARD = "gnu++14";
				CLANG_CXX_LIBRARY = "libc++";
				CLANG_ENABLE_MODULES = YES;
				CLANG_ENABLE_OBJC_ARC = YES;
				CLANG_ENABLE_OBJC_WEAK = YES;
				CLANG_WARN_BLOCK_CAPTURE_AUTORELEASING = YES;
				CLANG_WARN_BOOL_CONVERSION = YES;
				CLANG_WARN_COMMA = YES;
				CLANG_WARN_CONSTANT_CONVERSION = YES;
				CLANG_WARN_DEPRECATED_OBJC_IMPLEMENTATIONS = YES;
				CLANG_WARN_DIRECT_OBJC_ISA_USAGE = YES_ERROR;
				CLANG_WARN_DOCUMENTATION_COMMENTS = YES;
				CLANG_WARN_EMPTY_BODY = YES;
				CLANG_WARN_ENUM_CONVERSION = YES;
				CLANG_WARN_INFINITE_RECURSION = YES;
				CLANG_WARN_INT_CONVERSION = YES;
				CLANG_WARN_NON_LITERAL_NULL_CONVERSION = YES;
				CLANG_WARN_OBJC_IMPLICIT_RETAIN_SELF = YES;
				CLANG_WARN_OBJC_LITERAL_CONVERSION = YES;
				CLANG_WARN_OBJC_ROOT_CLASS = YES_ERROR;
				CLANG_WARN_RANGE_LOOP_ANALYSIS = YES;
				CLANG_WARN_STRICT_PROTOTYPES = YES;
				CLANG_WARN_SUSPICIOUS_MOVE = YES;
				CLANG_WARN_UNGUARDED_AVAILABILITY = YES_AGGRESSIVE;
				CLANG_WARN_UNREACHABLE_CODE = YES;
				CLANG_WARN__DUPLICATE_METHOD_MATCH = YES;
				COPY_PHASE_STRIP = NO;
				DEBUG_INFORMATION_FORMAT = "dwarf-with-dsym";
				ENABLE_NS_ASSERTIONS = NO;
				ENABLE_STRICT_OBJC_MSGSEND = YES;
				GCC_C_LANGUAGE_STANDARD = gnu11;
				GCC_NO_COMMON_BLOCKS = YES;
				GCC_WARN_64_TO_32_BIT_CONVERSION = YES;
				GCC_WARN_ABOUT_RETURN_TYPE = YES_ERROR;
				GCC_WARN_UNDECLARED_SELECTOR = YES;
				GCC_WARN_UNINITIALIZED_AUTOS = YES_AGGRESSIVE;
				GCC_WARN_UNUSED_FUNCTION = YES;
				GCC_WARN_UNUSED_VARIABLE = YES;
				IPHONEOS_DEPLOYMENT_TARGET = 13.1;
				MTL_ENABLE_DEBUG_INFO = NO;
				MTL_FAST_MATH = YES;
				SDKROOT = iphoneos;
				SWIFT_COMPILATION_MODE = wholemodule;
				SWIFT_OPTIMIZATION_LEVEL = "-O";
				VALIDATE_PRODUCT = YES;
			};
			name = Release;
		};
		61A1AFBC235B12C0009C003F /* Debug */ = {
			isa = XCBuildConfiguration;
			baseConfigurationReference = F2B5E37D05A2A6C7413B85F8 /* Pods-Test-App.debug.xcconfig */;
			buildSettings = {
				ASSETCATALOG_COMPILER_APPICON_NAME = AppIcon;
				CODE_SIGN_STYLE = Automatic;
				INFOPLIST_FILE = "Test-App/Info.plist";
				LD_RUNPATH_SEARCH_PATHS = (
					"$(inherited)",
					"@executable_path/Frameworks",
				);
				PRODUCT_BUNDLE_IDENTIFIER = "com.test.lecture.rest.Test-App";
				PRODUCT_NAME = "$(TARGET_NAME)";
				SWIFT_VERSION = 5.0;
				TARGETED_DEVICE_FAMILY = "1,2";
			};
			name = Debug;
		};
		61A1AFBD235B12C0009C003F /* Release */ = {
			isa = XCBuildConfiguration;
			baseConfigurationReference = F1F7BB092881F285CA962D2D /* Pods-Test-App.release.xcconfig */;
			buildSettings = {
				ASSETCATALOG_COMPILER_APPICON_NAME = AppIcon;
				CODE_SIGN_STYLE = Automatic;
				INFOPLIST_FILE = "Test-App/Info.plist";
				LD_RUNPATH_SEARCH_PATHS = (
					"$(inherited)",
					"@executable_path/Frameworks",
				);
				PRODUCT_BUNDLE_IDENTIFIER = "com.test.lecture.rest.Test-App";
				PRODUCT_NAME = "$(TARGET_NAME)";
				SWIFT_VERSION = 5.0;
				TARGETED_DEVICE_FAMILY = "1,2";
			};
			name = Release;
		};
/* End XCBuildConfiguration section */

/* Begin XCConfigurationList section */
		61A1AFA2235B12BB009C003F /* Build configuration list for PBXProject "Test-App" */ = {
			isa = XCConfigurationList;
			buildConfigurations = (
				61A1AFB9235B12C0009C003F /* Debug */,
				61A1AFBA235B12C0009C003F /* Release */,
			);
			defaultConfigurationIsVisible = 0;
			defaultConfigurationName = Release;
		};
		61A1AFBB235B12C0009C003F /* Build configuration list for PBXNativeTarget "Test-App" */ = {
			isa = XCConfigurationList;
			buildConfigurations = (
				61A1AFBC235B12C0009C003F /* Debug */,
				61A1AFBD235B12C0009C003F /* Release */,
			);
			defaultConfigurationIsVisible = 0;
			defaultConfigurationName = Release;
		};
/* End XCConfigurationList section */
	};
	rootObject = 61A1AF9F235B12BB009C003F /* Project object */;
}
